// !$*UTF8*$!
{
	archiveVersion = 1;
	classes = {
	};
	objectVersion = 56;
	objects = {

/* Begin PBXBuildFile section */
		010E02BF2A4F92BA006608F9 /* textFieldStyles.swift in Sources */ = {isa = PBXBuildFile; fileRef = 010E02BE2A4F92BA006608F9 /* textFieldStyles.swift */; };
		0112F5E0291742BF003338FA /* PRTYApp.swift in Sources */ = {isa = PBXBuildFile; fileRef = 0112F5DF291742BF003338FA /* PRTYApp.swift */; };
		0112F5E4291742C1003338FA /* Assets.xcassets in Resources */ = {isa = PBXBuildFile; fileRef = 0112F5E3291742C1003338FA /* Assets.xcassets */; };
		0112F5E7291742C1003338FA /* Preview Assets.xcassets in Resources */ = {isa = PBXBuildFile; fileRef = 0112F5E6291742C1003338FA /* Preview Assets.xcassets */; };
		0112F5F1291742C1003338FA /* PRTYTests.swift in Sources */ = {isa = PBXBuildFile; fileRef = 0112F5F0291742C1003338FA /* PRTYTests.swift */; };
		0112F5FB291742C1003338FA /* PRTYUITests.swift in Sources */ = {isa = PBXBuildFile; fileRef = 0112F5FA291742C1003338FA /* PRTYUITests.swift */; };
		0112F5FD291742C1003338FA /* PRTYUITestsLaunchTests.swift in Sources */ = {isa = PBXBuildFile; fileRef = 0112F5FC291742C1003338FA /* PRTYUITestsLaunchTests.swift */; };
		013CF3FE292E9B7700A2EA77 /* GoogleService-Info.plist in Resources */ = {isa = PBXBuildFile; fileRef = 013CF3FD292E9B7700A2EA77 /* GoogleService-Info.plist */; };
		017C542D2A36662B002FAD55 /* HomeView.swift in Sources */ = {isa = PBXBuildFile; fileRef = 017C542C2A36662B002FAD55 /* HomeView.swift */; };
		017C54312A366A57002FAD55 /* StartView.swift in Sources */ = {isa = PBXBuildFile; fileRef = 017C54302A366A57002FAD55 /* StartView.swift */; };
		01A4659129785E9700CA3AA5 /* loginView.swift in Sources */ = {isa = PBXBuildFile; fileRef = 01A4659029785E9700CA3AA5 /* loginView.swift */; };
		01F08C77293985CA00C79488 /* SignUpView.swift in Sources */ = {isa = PBXBuildFile; fileRef = 01F08C76293985CA00C79488 /* SignUpView.swift */; };
		1C6A2402ECC5A061ECD961C2 /* Pods_PRTY.framework in Frameworks */ = {isa = PBXBuildFile; fileRef = AF49E55A3A1C1E6E8D04E46E /* Pods_PRTY.framework */; };
		760C9AB6F1B7C7AA667C0B9C /* Pods_PRTYTests.framework in Frameworks */ = {isa = PBXBuildFile; fileRef = 51DB5661152EFE18FD727B0E /* Pods_PRTYTests.framework */; };
		AC2BE6971713AC8487FE62CB /* Pods_PRTY_PRTYUITests.framework in Frameworks */ = {isa = PBXBuildFile; fileRef = 70154487C5B29D1158558372 /* Pods_PRTY_PRTYUITests.framework */; };
/* End PBXBuildFile section */

/* Begin PBXContainerItemProxy section */
		0112F5ED291742C1003338FA /* PBXContainerItemProxy */ = {
			isa = PBXContainerItemProxy;
			containerPortal = 0112F5D4291742BF003338FA /* Project object */;
			proxyType = 1;
			remoteGlobalIDString = 0112F5DB291742BF003338FA;
			remoteInfo = PRTY;
		};
		0112F5F7291742C1003338FA /* PBXContainerItemProxy */ = {
			isa = PBXContainerItemProxy;
			containerPortal = 0112F5D4291742BF003338FA /* Project object */;
			proxyType = 1;
			remoteGlobalIDString = 0112F5DB291742BF003338FA;
			remoteInfo = PRTY;
		};
/* End PBXContainerItemProxy section */

/* Begin PBXFileReference section */
		010E02BE2A4F92BA006608F9 /* textFieldStyles.swift */ = {isa = PBXFileReference; lastKnownFileType = sourcecode.swift; path = textFieldStyles.swift; sourceTree = "<group>"; };
		0112F5DC291742BF003338FA /* PRTY.app */ = {isa = PBXFileReference; explicitFileType = wrapper.application; includeInIndex = 0; path = PRTY.app; sourceTree = BUILT_PRODUCTS_DIR; };
		0112F5DF291742BF003338FA /* PRTYApp.swift */ = {isa = PBXFileReference; lastKnownFileType = sourcecode.swift; path = PRTYApp.swift; sourceTree = "<group>"; };
		0112F5E3291742C1003338FA /* Assets.xcassets */ = {isa = PBXFileReference; lastKnownFileType = folder.assetcatalog; path = Assets.xcassets; sourceTree = "<group>"; };
		0112F5E6291742C1003338FA /* Preview Assets.xcassets */ = {isa = PBXFileReference; lastKnownFileType = folder.assetcatalog; path = "Preview Assets.xcassets"; sourceTree = "<group>"; };
		0112F5EC291742C1003338FA /* PRTYTests.xctest */ = {isa = PBXFileReference; explicitFileType = wrapper.cfbundle; includeInIndex = 0; path = PRTYTests.xctest; sourceTree = BUILT_PRODUCTS_DIR; };
		0112F5F0291742C1003338FA /* PRTYTests.swift */ = {isa = PBXFileReference; lastKnownFileType = sourcecode.swift; path = PRTYTests.swift; sourceTree = "<group>"; };
		0112F5F6291742C1003338FA /* PRTYUITests.xctest */ = {isa = PBXFileReference; explicitFileType = wrapper.cfbundle; includeInIndex = 0; path = PRTYUITests.xctest; sourceTree = BUILT_PRODUCTS_DIR; };
		0112F5FA291742C1003338FA /* PRTYUITests.swift */ = {isa = PBXFileReference; lastKnownFileType = sourcecode.swift; path = PRTYUITests.swift; sourceTree = "<group>"; };
		0112F5FC291742C1003338FA /* PRTYUITestsLaunchTests.swift */ = {isa = PBXFileReference; lastKnownFileType = sourcecode.swift; path = PRTYUITestsLaunchTests.swift; sourceTree = "<group>"; };
		013CF3FD292E9B7700A2EA77 /* GoogleService-Info.plist */ = {isa = PBXFileReference; fileEncoding = 4; lastKnownFileType = text.plist.xml; path = "GoogleService-Info.plist"; sourceTree = "<group>"; };
		017C542C2A36662B002FAD55 /* HomeView.swift */ = {isa = PBXFileReference; lastKnownFileType = sourcecode.swift; path = HomeView.swift; sourceTree = "<group>"; };
		017C54302A366A57002FAD55 /* StartView.swift */ = {isa = PBXFileReference; lastKnownFileType = sourcecode.swift; path = StartView.swift; sourceTree = "<group>"; };
		01A4659029785E9700CA3AA5 /* loginView.swift */ = {isa = PBXFileReference; lastKnownFileType = sourcecode.swift; path = loginView.swift; sourceTree = "<group>"; };
		01F08C76293985CA00C79488 /* SignUpView.swift */ = {isa = PBXFileReference; lastKnownFileType = sourcecode.swift; path = SignUpView.swift; sourceTree = "<group>"; };
		3085B5D369EBF5FC85FD620B /* Pods-PRTY-PRTYUITests.release.xcconfig */ = {isa = PBXFileReference; includeInIndex = 1; lastKnownFileType = text.xcconfig; name = "Pods-PRTY-PRTYUITests.release.xcconfig"; path = "Target Support Files/Pods-PRTY-PRTYUITests/Pods-PRTY-PRTYUITests.release.xcconfig"; sourceTree = "<group>"; };
		3708BC20144655197B13ED57 /* Pods-PRTYTests.debug.xcconfig */ = {isa = PBXFileReference; includeInIndex = 1; lastKnownFileType = text.xcconfig; name = "Pods-PRTYTests.debug.xcconfig"; path = "Target Support Files/Pods-PRTYTests/Pods-PRTYTests.debug.xcconfig"; sourceTree = "<group>"; };
		51DB5661152EFE18FD727B0E /* Pods_PRTYTests.framework */ = {isa = PBXFileReference; explicitFileType = wrapper.framework; includeInIndex = 0; path = Pods_PRTYTests.framework; sourceTree = BUILT_PRODUCTS_DIR; };
		70154487C5B29D1158558372 /* Pods_PRTY_PRTYUITests.framework */ = {isa = PBXFileReference; explicitFileType = wrapper.framework; includeInIndex = 0; path = Pods_PRTY_PRTYUITests.framework; sourceTree = BUILT_PRODUCTS_DIR; };
		976E744F962D662B83CAE853 /* Pods-PRTY.release.xcconfig */ = {isa = PBXFileReference; includeInIndex = 1; lastKnownFileType = text.xcconfig; name = "Pods-PRTY.release.xcconfig"; path = "Target Support Files/Pods-PRTY/Pods-PRTY.release.xcconfig"; sourceTree = "<group>"; };
		98F4A9C1FADACC23BF0AA15E /* Pods-PRTY.debug.xcconfig */ = {isa = PBXFileReference; includeInIndex = 1; lastKnownFileType = text.xcconfig; name = "Pods-PRTY.debug.xcconfig"; path = "Target Support Files/Pods-PRTY/Pods-PRTY.debug.xcconfig"; sourceTree = "<group>"; };
		AF49E55A3A1C1E6E8D04E46E /* Pods_PRTY.framework */ = {isa = PBXFileReference; explicitFileType = wrapper.framework; includeInIndex = 0; path = Pods_PRTY.framework; sourceTree = BUILT_PRODUCTS_DIR; };
		F54E4A253095805DBE9393BE /* Pods-PRTY-PRTYUITests.debug.xcconfig */ = {isa = PBXFileReference; includeInIndex = 1; lastKnownFileType = text.xcconfig; name = "Pods-PRTY-PRTYUITests.debug.xcconfig"; path = "Target Support Files/Pods-PRTY-PRTYUITests/Pods-PRTY-PRTYUITests.debug.xcconfig"; sourceTree = "<group>"; };
		F5F03EDD8846081D906A507C /* Pods-PRTYTests.release.xcconfig */ = {isa = PBXFileReference; includeInIndex = 1; lastKnownFileType = text.xcconfig; name = "Pods-PRTYTests.release.xcconfig"; path = "Target Support Files/Pods-PRTYTests/Pods-PRTYTests.release.xcconfig"; sourceTree = "<group>"; };
/* End PBXFileReference section */

/* Begin PBXFrameworksBuildPhase section */
		0112F5D9291742BF003338FA /* Frameworks */ = {
			isa = PBXFrameworksBuildPhase;
			buildActionMask = 2147483647;
			files = (
				1C6A2402ECC5A061ECD961C2 /* Pods_PRTY.framework in Frameworks */,
			);
			runOnlyForDeploymentPostprocessing = 0;
		};
		0112F5E9291742C1003338FA /* Frameworks */ = {
			isa = PBXFrameworksBuildPhase;
			buildActionMask = 2147483647;
			files = (
				760C9AB6F1B7C7AA667C0B9C /* Pods_PRTYTests.framework in Frameworks */,
			);
			runOnlyForDeploymentPostprocessing = 0;
		};
		0112F5F3291742C1003338FA /* Frameworks */ = {
			isa = PBXFrameworksBuildPhase;
			buildActionMask = 2147483647;
			files = (
				AC2BE6971713AC8487FE62CB /* Pods_PRTY_PRTYUITests.framework in Frameworks */,
			);
			runOnlyForDeploymentPostprocessing = 0;
		};
/* End PBXFrameworksBuildPhase section */

/* Begin PBXGroup section */
		010E02BD2A4F929F006608F9 /* Styles */ = {
			isa = PBXGroup;
			children = (
				010E02BE2A4F92BA006608F9 /* textFieldStyles.swift */,
			);
			path = Styles;
			sourceTree = "<group>";
		};
		0112F5D3291742BF003338FA = {
			isa = PBXGroup;
			children = (
				0112F5DE291742BF003338FA /* PRTY */,
				0112F5EF291742C1003338FA /* PRTYTests */,
				0112F5F9291742C1003338FA /* PRTYUITests */,
				0112F5DD291742BF003338FA /* Products */,
				1E4755DF18DBE7808BD38C1E /* Pods */,
				9EE010910841684EDC6DD71D /* Frameworks */,
			);
			sourceTree = "<group>";
		};
		0112F5DD291742BF003338FA /* Products */ = {
			isa = PBXGroup;
			children = (
				0112F5DC291742BF003338FA /* PRTY.app */,
				0112F5EC291742C1003338FA /* PRTYTests.xctest */,
				0112F5F6291742C1003338FA /* PRTYUITests.xctest */,
			);
			name = Products;
			sourceTree = "<group>";
		};
		0112F5DE291742BF003338FA /* PRTY */ = {
			isa = PBXGroup;
			children = (
				0112F5DF291742BF003338FA /* PRTYApp.swift */,
				010E02BD2A4F929F006608F9 /* Styles */,
				01BA1C1F2A3BBEA500CDECCF /* models */,
				01912C742970BD9200DCB16C /* Views */,
				013CF3FD292E9B7700A2EA77 /* GoogleService-Info.plist */,
				0112F5E3291742C1003338FA /* Assets.xcassets */,
				0112F5E5291742C1003338FA /* Preview Content */,
			);
			path = PRTY;
			sourceTree = "<group>";
		};
		0112F5E5291742C1003338FA /* Preview Content */ = {
			isa = PBXGroup;
			children = (
				0112F5E6291742C1003338FA /* Preview Assets.xcassets */,
			);
			path = "Preview Content";
			sourceTree = "<group>";
		};
		0112F5EF291742C1003338FA /* PRTYTests */ = {
			isa = PBXGroup;
			children = (
				0112F5F0291742C1003338FA /* PRTYTests.swift */,
			);
			path = PRTYTests;
			sourceTree = "<group>";
		};
		0112F5F9291742C1003338FA /* PRTYUITests */ = {
			isa = PBXGroup;
			children = (
				0112F5FA291742C1003338FA /* PRTYUITests.swift */,
				0112F5FC291742C1003338FA /* PRTYUITestsLaunchTests.swift */,
			);
			path = PRTYUITests;
			sourceTree = "<group>";
		};
		01382EDA29D8CA9900F9D808 /* auth */ = {
			isa = PBXGroup;
			children = (
			);
			path = auth;
			sourceTree = "<group>";
		};
		01912C742970BD9200DCB16C /* Views */ = {
			isa = PBXGroup;
			children = (
				01A4659029785E9700CA3AA5 /* loginView.swift */,
				017C54302A366A57002FAD55 /* StartView.swift */,
				017C542C2A36662B002FAD55 /* HomeView.swift */,
				01F08C76293985CA00C79488 /* SignUpView.swift */,
			);
			path = Views;
			sourceTree = "<group>";
		};
		01BA1C1F2A3BBEA500CDECCF /* models */ = {
			isa = PBXGroup;
			children = (
				01382EDA29D8CA9900F9D808 /* auth */,
			);
			path = models;
			sourceTree = "<group>";
		};
		1E4755DF18DBE7808BD38C1E /* Pods */ = {
			isa = PBXGroup;
			children = (
				98F4A9C1FADACC23BF0AA15E /* Pods-PRTY.debug.xcconfig */,
				976E744F962D662B83CAE853 /* Pods-PRTY.release.xcconfig */,
				F54E4A253095805DBE9393BE /* Pods-PRTY-PRTYUITests.debug.xcconfig */,
				3085B5D369EBF5FC85FD620B /* Pods-PRTY-PRTYUITests.release.xcconfig */,
				3708BC20144655197B13ED57 /* Pods-PRTYTests.debug.xcconfig */,
				F5F03EDD8846081D906A507C /* Pods-PRTYTests.release.xcconfig */,
			);
			path = Pods;
			sourceTree = "<group>";
		};
		9EE010910841684EDC6DD71D /* Frameworks */ = {
			isa = PBXGroup;
			children = (
				AF49E55A3A1C1E6E8D04E46E /* Pods_PRTY.framework */,
				70154487C5B29D1158558372 /* Pods_PRTY_PRTYUITests.framework */,
				51DB5661152EFE18FD727B0E /* Pods_PRTYTests.framework */,
			);
			name = Frameworks;
			sourceTree = "<group>";
		};
/* End PBXGroup section */

/* Begin PBXNativeTarget section */
		0112F5DB291742BF003338FA /* PRTY */ = {
			isa = PBXNativeTarget;
			buildConfigurationList = 0112F600291742C1003338FA /* Build configuration list for PBXNativeTarget "PRTY" */;
			buildPhases = (
				B8CF73D9741513B8E6185057 /* [CP] Check Pods Manifest.lock */,
				0112F5D8291742BF003338FA /* Sources */,
				0112F5D9291742BF003338FA /* Frameworks */,
				0112F5DA291742BF003338FA /* Resources */,
				FC83BF8D2AD1F1ABC47CA746 /* [CP] Embed Pods Frameworks */,
			);
			buildRules = (
			);
			dependencies = (
			);
			name = PRTY;
			productName = PRTY;
			productReference = 0112F5DC291742BF003338FA /* PRTY.app */;
			productType = "com.apple.product-type.application";
		};
		0112F5EB291742C1003338FA /* PRTYTests */ = {
			isa = PBXNativeTarget;
			buildConfigurationList = 0112F603291742C1003338FA /* Build configuration list for PBXNativeTarget "PRTYTests" */;
			buildPhases = (
				88791294738670A39CE95709 /* [CP] Check Pods Manifest.lock */,
				0112F5E8291742C1003338FA /* Sources */,
				0112F5E9291742C1003338FA /* Frameworks */,
				0112F5EA291742C1003338FA /* Resources */,
			);
			buildRules = (
			);
			dependencies = (
				0112F5EE291742C1003338FA /* PBXTargetDependency */,
			);
			name = PRTYTests;
			productName = PRTYTests;
			productReference = 0112F5EC291742C1003338FA /* PRTYTests.xctest */;
			productType = "com.apple.product-type.bundle.unit-test";
		};
		0112F5F5291742C1003338FA /* PRTYUITests */ = {
			isa = PBXNativeTarget;
			buildConfigurationList = 0112F606291742C1003338FA /* Build configuration list for PBXNativeTarget "PRTYUITests" */;
			buildPhases = (
				17896F4EBC251F4DA44A72EA /* [CP] Check Pods Manifest.lock */,
				0112F5F2291742C1003338FA /* Sources */,
				0112F5F3291742C1003338FA /* Frameworks */,
				0112F5F4291742C1003338FA /* Resources */,
				8BCDB3BB706FB9E320A1EA19 /* [CP] Embed Pods Frameworks */,
			);
			buildRules = (
			);
			dependencies = (
				0112F5F8291742C1003338FA /* PBXTargetDependency */,
			);
			name = PRTYUITests;
			productName = PRTYUITests;
			productReference = 0112F5F6291742C1003338FA /* PRTYUITests.xctest */;
			productType = "com.apple.product-type.bundle.ui-testing";
		};
/* End PBXNativeTarget section */

/* Begin PBXProject section */
		0112F5D4291742BF003338FA /* Project object */ = {
			isa = PBXProject;
			attributes = {
				BuildIndependentTargetsInParallel = 1;
				LastSwiftUpdateCheck = 1410;
				LastUpgradeCheck = 1410;
				TargetAttributes = {
					0112F5DB291742BF003338FA = {
						CreatedOnToolsVersion = 14.1;
					};
					0112F5EB291742C1003338FA = {
						CreatedOnToolsVersion = 14.1;
						TestTargetID = 0112F5DB291742BF003338FA;
					};
					0112F5F5291742C1003338FA = {
						CreatedOnToolsVersion = 14.1;
						TestTargetID = 0112F5DB291742BF003338FA;
					};
				};
			};
			buildConfigurationList = 0112F5D7291742BF003338FA /* Build configuration list for PBXProject "PRTY" */;
			compatibilityVersion = "Xcode 14.0";
			developmentRegion = en;
			hasScannedForEncodings = 0;
			knownRegions = (
				en,
				Base,
			);
			mainGroup = 0112F5D3291742BF003338FA;
			packageReferences = (
				0112F609291744A5003338FA /* XCRemoteSwiftPackageReference "firebase-ios-sdk" */,
			);
			productRefGroup = 0112F5DD291742BF003338FA /* Products */;
			projectDirPath = "";
			projectRoot = "";
			targets = (
				0112F5DB291742BF003338FA /* PRTY */,
				0112F5EB291742C1003338FA /* PRTYTests */,
				0112F5F5291742C1003338FA /* PRTYUITests */,
			);
		};
/* End PBXProject section */

/* Begin PBXResourcesBuildPhase section */
		0112F5DA291742BF003338FA /* Resources */ = {
			isa = PBXResourcesBuildPhase;
			buildActionMask = 2147483647;
			files = (
				0112F5E7291742C1003338FA /* Preview Assets.xcassets in Resources */,
				0112F5E4291742C1003338FA /* Assets.xcassets in Resources */,
				013CF3FE292E9B7700A2EA77 /* GoogleService-Info.plist in Resources */,
			);
			runOnlyForDeploymentPostprocessing = 0;
		};
		0112F5EA291742C1003338FA /* Resources */ = {
			isa = PBXResourcesBuildPhase;
			buildActionMask = 2147483647;
			files = (
			);
			runOnlyForDeploymentPostprocessing = 0;
		};
		0112F5F4291742C1003338FA /* Resources */ = {
			isa = PBXResourcesBuildPhase;
			buildActionMask = 2147483647;
			files = (
			);
			runOnlyForDeploymentPostprocessing = 0;
		};
/* End PBXResourcesBuildPhase section */

/* Begin PBXShellScriptBuildPhase section */
		17896F4EBC251F4DA44A72EA /* [CP] Check Pods Manifest.lock */ = {
			isa = PBXShellScriptBuildPhase;
			buildActionMask = 2147483647;
			files = (
			);
			inputFileListPaths = (
			);
			inputPaths = (
				"${PODS_PODFILE_DIR_PATH}/Podfile.lock",
				"${PODS_ROOT}/Manifest.lock",
			);
			name = "[CP] Check Pods Manifest.lock";
			outputFileListPaths = (
			);
			outputPaths = (
				"$(DERIVED_FILE_DIR)/Pods-PRTY-PRTYUITests-checkManifestLockResult.txt",
			);
			runOnlyForDeploymentPostprocessing = 0;
			shellPath = /bin/sh;
			shellScript = "diff \"${PODS_PODFILE_DIR_PATH}/Podfile.lock\" \"${PODS_ROOT}/Manifest.lock\" > /dev/null\nif [ $? != 0 ] ; then\n    # print error to STDERR\n    echo \"error: The sandbox is not in sync with the Podfile.lock. Run 'pod install' or update your CocoaPods installation.\" >&2\n    exit 1\nfi\n# This output is used by Xcode 'outputs' to avoid re-running this script phase.\necho \"SUCCESS\" > \"${SCRIPT_OUTPUT_FILE_0}\"\n";
			showEnvVarsInLog = 0;
		};
		88791294738670A39CE95709 /* [CP] Check Pods Manifest.lock */ = {
			isa = PBXShellScriptBuildPhase;
			buildActionMask = 2147483647;
			files = (
			);
			inputFileListPaths = (
			);
			inputPaths = (
				"${PODS_PODFILE_DIR_PATH}/Podfile.lock",
				"${PODS_ROOT}/Manifest.lock",
			);
			name = "[CP] Check Pods Manifest.lock";
			outputFileListPaths = (
			);
			outputPaths = (
				"$(DERIVED_FILE_DIR)/Pods-PRTYTests-checkManifestLockResult.txt",
			);
			runOnlyForDeploymentPostprocessing = 0;
			shellPath = /bin/sh;
			shellScript = "diff \"${PODS_PODFILE_DIR_PATH}/Podfile.lock\" \"${PODS_ROOT}/Manifest.lock\" > /dev/null\nif [ $? != 0 ] ; then\n    # print error to STDERR\n    echo \"error: The sandbox is not in sync with the Podfile.lock. Run 'pod install' or update your CocoaPods installation.\" >&2\n    exit 1\nfi\n# This output is used by Xcode 'outputs' to avoid re-running this script phase.\necho \"SUCCESS\" > \"${SCRIPT_OUTPUT_FILE_0}\"\n";
			showEnvVarsInLog = 0;
		};
		8BCDB3BB706FB9E320A1EA19 /* [CP] Embed Pods Frameworks */ = {
			isa = PBXShellScriptBuildPhase;
			buildActionMask = 2147483647;
			files = (
			);
			inputFileListPaths = (
				"${PODS_ROOT}/Target Support Files/Pods-PRTY-PRTYUITests/Pods-PRTY-PRTYUITests-frameworks-${CONFIGURATION}-input-files.xcfilelist",
			);
			name = "[CP] Embed Pods Frameworks";
			outputFileListPaths = (
				"${PODS_ROOT}/Target Support Files/Pods-PRTY-PRTYUITests/Pods-PRTY-PRTYUITests-frameworks-${CONFIGURATION}-output-files.xcfilelist",
			);
			runOnlyForDeploymentPostprocessing = 0;
			shellPath = /bin/sh;
			shellScript = "\"${PODS_ROOT}/Target Support Files/Pods-PRTY-PRTYUITests/Pods-PRTY-PRTYUITests-frameworks.sh\"\n";
			showEnvVarsInLog = 0;
		};
		B8CF73D9741513B8E6185057 /* [CP] Check Pods Manifest.lock */ = {
			isa = PBXShellScriptBuildPhase;
			buildActionMask = 2147483647;
			files = (
			);
			inputFileListPaths = (
			);
			inputPaths = (
				"${PODS_PODFILE_DIR_PATH}/Podfile.lock",
				"${PODS_ROOT}/Manifest.lock",
			);
			name = "[CP] Check Pods Manifest.lock";
			outputFileListPaths = (
			);
			outputPaths = (
				"$(DERIVED_FILE_DIR)/Pods-PRTY-checkManifestLockResult.txt",
			);
			runOnlyForDeploymentPostprocessing = 0;
			shellPath = /bin/sh;
			shellScript = "diff \"${PODS_PODFILE_DIR_PATH}/Podfile.lock\" \"${PODS_ROOT}/Manifest.lock\" > /dev/null\nif [ $? != 0 ] ; then\n    # print error to STDERR\n    echo \"error: The sandbox is not in sync with the Podfile.lock. Run 'pod install' or update your CocoaPods installation.\" >&2\n    exit 1\nfi\n# This output is used by Xcode 'outputs' to avoid re-running this script phase.\necho \"SUCCESS\" > \"${SCRIPT_OUTPUT_FILE_0}\"\n";
			showEnvVarsInLog = 0;
		};
		FC83BF8D2AD1F1ABC47CA746 /* [CP] Embed Pods Frameworks */ = {
			isa = PBXShellScriptBuildPhase;
			buildActionMask = 2147483647;
			files = (
			);
			inputFileListPaths = (
				"${PODS_ROOT}/Target Support Files/Pods-PRTY/Pods-PRTY-frameworks-${CONFIGURATION}-input-files.xcfilelist",
			);
			name = "[CP] Embed Pods Frameworks";
			outputFileListPaths = (
				"${PODS_ROOT}/Target Support Files/Pods-PRTY/Pods-PRTY-frameworks-${CONFIGURATION}-output-files.xcfilelist",
			);
			runOnlyForDeploymentPostprocessing = 0;
			shellPath = /bin/sh;
			shellScript = "\"${PODS_ROOT}/Target Support Files/Pods-PRTY/Pods-PRTY-frameworks.sh\"\n";
			showEnvVarsInLog = 0;
		};
/* End PBXShellScriptBuildPhase section */

/* Begin PBXSourcesBuildPhase section */
		0112F5D8291742BF003338FA /* Sources */ = {
			isa = PBXSourcesBuildPhase;
			buildActionMask = 2147483647;
			files = (
				0112F5E0291742BF003338FA /* PRTYApp.swift in Sources */,
				01A4659129785E9700CA3AA5 /* loginView.swift in Sources */,
				017C542D2A36662B002FAD55 /* HomeView.swift in Sources */,
				010E02BF2A4F92BA006608F9 /* textFieldStyles.swift in Sources */,
				01F08C77293985CA00C79488 /* SignUpView.swift in Sources */,
				017C54312A366A57002FAD55 /* StartView.swift in Sources */,
			);
			runOnlyForDeploymentPostprocessing = 0;
		};
		0112F5E8291742C1003338FA /* Sources */ = {
			isa = PBXSourcesBuildPhase;
			buildActionMask = 2147483647;
			files = (
				0112F5F1291742C1003338FA /* PRTYTests.swift in Sources */,
			);
			runOnlyForDeploymentPostprocessing = 0;
		};
		0112F5F2291742C1003338FA /* Sources */ = {
			isa = PBXSourcesBuildPhase;
			buildActionMask = 2147483647;
			files = (
				0112F5FB291742C1003338FA /* PRTYUITests.swift in Sources */,
				0112F5FD291742C1003338FA /* PRTYUITestsLaunchTests.swift in Sources */,
			);
			runOnlyForDeploymentPostprocessing = 0;
		};
/* End PBXSourcesBuildPhase section */

/* Begin PBXTargetDependency section */
		0112F5EE291742C1003338FA /* PBXTargetDependency */ = {
			isa = PBXTargetDependency;
			target = 0112F5DB291742BF003338FA /* PRTY */;
			targetProxy = 0112F5ED291742C1003338FA /* PBXContainerItemProxy */;
		};
		0112F5F8291742C1003338FA /* PBXTargetDependency */ = {
			isa = PBXTargetDependency;
			target = 0112F5DB291742BF003338FA /* PRTY */;
			targetProxy = 0112F5F7291742C1003338FA /* PBXContainerItemProxy */;
		};
/* End PBXTargetDependency section */

/* Begin XCBuildConfiguration section */
		0112F5FE291742C1003338FA /* Debug */ = {
			isa = XCBuildConfiguration;
			buildSettings = {
				ALWAYS_SEARCH_USER_PATHS = NO;
				CLANG_ANALYZER_NONNULL = YES;
				CLANG_ANALYZER_NUMBER_OBJECT_CONVERSION = YES_AGGRESSIVE;
				CLANG_CXX_LANGUAGE_STANDARD = "gnu++20";
				CLANG_ENABLE_MODULES = YES;
				CLANG_ENABLE_OBJC_ARC = YES;
				CLANG_ENABLE_OBJC_WEAK = YES;
				CLANG_WARN_BLOCK_CAPTURE_AUTORELEASING = YES;
				CLANG_WARN_BOOL_CONVERSION = YES;
				CLANG_WARN_COMMA = YES;
				CLANG_WARN_CONSTANT_CONVERSION = YES;
				CLANG_WARN_DEPRECATED_OBJC_IMPLEMENTATIONS = YES;
				CLANG_WARN_DIRECT_OBJC_ISA_USAGE = YES_ERROR;
				CLANG_WARN_DOCUMENTATION_COMMENTS = YES;
				CLANG_WARN_EMPTY_BODY = YES;
				CLANG_WARN_ENUM_CONVERSION = YES;
				CLANG_WARN_INFINITE_RECURSION = YES;
				CLANG_WARN_INT_CONVERSION = YES;
				CLANG_WARN_NON_LITERAL_NULL_CONVERSION = YES;
				CLANG_WARN_OBJC_IMPLICIT_RETAIN_SELF = YES;
				CLANG_WARN_OBJC_LITERAL_CONVERSION = YES;
				CLANG_WARN_OBJC_ROOT_CLASS = YES_ERROR;
				CLANG_WARN_QUOTED_INCLUDE_IN_FRAMEWORK_HEADER = YES;
				CLANG_WARN_RANGE_LOOP_ANALYSIS = YES;
				CLANG_WARN_STRICT_PROTOTYPES = YES;
				CLANG_WARN_SUSPICIOUS_MOVE = YES;
				CLANG_WARN_UNGUARDED_AVAILABILITY = YES_AGGRESSIVE;
				CLANG_WARN_UNREACHABLE_CODE = YES;
				CLANG_WARN__DUPLICATE_METHOD_MATCH = YES;
				COPY_PHASE_STRIP = NO;
				DEBUG_INFORMATION_FORMAT = dwarf;
				ENABLE_STRICT_OBJC_MSGSEND = YES;
				ENABLE_TESTABILITY = YES;
				GCC_C_LANGUAGE_STANDARD = gnu11;
				GCC_DYNAMIC_NO_PIC = NO;
				GCC_NO_COMMON_BLOCKS = YES;
				GCC_OPTIMIZATION_LEVEL = 0;
				GCC_PREPROCESSOR_DEFINITIONS = (
					"DEBUG=1",
					"$(inherited)",
				);
				GCC_WARN_64_TO_32_BIT_CONVERSION = YES;
				GCC_WARN_ABOUT_RETURN_TYPE = YES_ERROR;
				GCC_WARN_UNDECLARED_SELECTOR = YES;
				GCC_WARN_UNINITIALIZED_AUTOS = YES_AGGRESSIVE;
				GCC_WARN_UNUSED_FUNCTION = YES;
				GCC_WARN_UNUSED_VARIABLE = YES;
				IPHONEOS_DEPLOYMENT_TARGET = 16.1;
				MTL_ENABLE_DEBUG_INFO = INCLUDE_SOURCE;
				MTL_FAST_MATH = YES;
				ONLY_ACTIVE_ARCH = YES;
				SDKROOT = iphoneos;
				SWIFT_ACTIVE_COMPILATION_CONDITIONS = DEBUG;
				SWIFT_OPTIMIZATION_LEVEL = "-Onone";
			};
			name = Debug;
		};
		0112F5FF291742C1003338FA /* Release */ = {
			isa = XCBuildConfiguration;
			buildSettings = {
				ALWAYS_SEARCH_USER_PATHS = NO;
				CLANG_ANALYZER_NONNULL = YES;
				CLANG_ANALYZER_NUMBER_OBJECT_CONVERSION = YES_AGGRESSIVE;
				CLANG_CXX_LANGUAGE_STANDARD = "gnu++20";
				CLANG_ENABLE_MODULES = YES;
				CLANG_ENABLE_OBJC_ARC = YES;
				CLANG_ENABLE_OBJC_WEAK = YES;
				CLANG_WARN_BLOCK_CAPTURE_AUTORELEASING = YES;
				CLANG_WARN_BOOL_CONVERSION = YES;
				CLANG_WARN_COMMA = YES;
				CLANG_WARN_CONSTANT_CONVERSION = YES;
				CLANG_WARN_DEPRECATED_OBJC_IMPLEMENTATIONS = YES;
				CLANG_WARN_DIRECT_OBJC_ISA_USAGE = YES_ERROR;
				CLANG_WARN_DOCUMENTATION_COMMENTS = YES;
				CLANG_WARN_EMPTY_BODY = YES;
				CLANG_WARN_ENUM_CONVERSION = YES;
				CLANG_WARN_INFINITE_RECURSION = YES;
				CLANG_WARN_INT_CONVERSION = YES;
				CLANG_WARN_NON_LITERAL_NULL_CONVERSION = YES;
				CLANG_WARN_OBJC_IMPLICIT_RETAIN_SELF = YES;
				CLANG_WARN_OBJC_LITERAL_CONVERSION = YES;
				CLANG_WARN_OBJC_ROOT_CLASS = YES_ERROR;
				CLANG_WARN_QUOTED_INCLUDE_IN_FRAMEWORK_HEADER = YES;
				CLANG_WARN_RANGE_LOOP_ANALYSIS = YES;
				CLANG_WARN_STRICT_PROTOTYPES = YES;
				CLANG_WARN_SUSPICIOUS_MOVE = YES;
				CLANG_WARN_UNGUARDED_AVAILABILITY = YES_AGGRESSIVE;
				CLANG_WARN_UNREACHABLE_CODE = YES;
				CLANG_WARN__DUPLICATE_METHOD_MATCH = YES;
				COPY_PHASE_STRIP = NO;
				DEBUG_INFORMATION_FORMAT = "dwarf-with-dsym";
				ENABLE_NS_ASSERTIONS = NO;
				ENABLE_STRICT_OBJC_MSGSEND = YES;
				GCC_C_LANGUAGE_STANDARD = gnu11;
				GCC_NO_COMMON_BLOCKS = YES;
				GCC_WARN_64_TO_32_BIT_CONVERSION = YES;
				GCC_WARN_ABOUT_RETURN_TYPE = YES_ERROR;
				GCC_WARN_UNDECLARED_SELECTOR = YES;
				GCC_WARN_UNINITIALIZED_AUTOS = YES_AGGRESSIVE;
				GCC_WARN_UNUSED_FUNCTION = YES;
				GCC_WARN_UNUSED_VARIABLE = YES;
				IPHONEOS_DEPLOYMENT_TARGET = 16.1;
				MTL_ENABLE_DEBUG_INFO = NO;
				MTL_FAST_MATH = YES;
				SDKROOT = iphoneos;
				SWIFT_COMPILATION_MODE = wholemodule;
				SWIFT_OPTIMIZATION_LEVEL = "-O";
				VALIDATE_PRODUCT = YES;
			};
			name = Release;
		};
		0112F601291742C1003338FA /* Debug */ = {
			isa = XCBuildConfiguration;
			baseConfigurationReference = 98F4A9C1FADACC23BF0AA15E /* Pods-PRTY.debug.xcconfig */;
			buildSettings = {
				ASSETCATALOG_COMPILER_APPICON_NAME = AppIcon;
				ASSETCATALOG_COMPILER_GLOBAL_ACCENT_COLOR_NAME = AccentColor;
				CODE_SIGN_STYLE = Automatic;
				CURRENT_PROJECT_VERSION = 1;
				DEVELOPMENT_ASSET_PATHS = "\"PRTY/Preview Content\"";
				ENABLE_PREVIEWS = YES;
				GENERATE_INFOPLIST_FILE = YES;
				INFOPLIST_KEY_UIApplicationSceneManifest_Generation = YES;
				INFOPLIST_KEY_UIApplicationSupportsIndirectInputEvents = YES;
				INFOPLIST_KEY_UILaunchScreen_Generation = YES;
				INFOPLIST_KEY_UISupportedInterfaceOrientations_iPad = "UIInterfaceOrientationPortrait UIInterfaceOrientationPortraitUpsideDown UIInterfaceOrientationLandscapeLeft UIInterfaceOrientationLandscapeRight";
				INFOPLIST_KEY_UISupportedInterfaceOrientations_iPhone = "UIInterfaceOrientationPortrait UIInterfaceOrientationLandscapeLeft UIInterfaceOrientationLandscapeRight";
				LD_RUNPATH_SEARCH_PATHS = (
					"$(inherited)",
					"@executable_path/Frameworks",
				);
				MARKETING_VERSION = 1.0;
				PRODUCT_BUNDLE_IDENTIFIER = QDB.PRTY;
				PRODUCT_NAME = "$(TARGET_NAME)";
				SWIFT_EMIT_LOC_STRINGS = YES;
				SWIFT_VERSION = 5.0;
				TARGETED_DEVICE_FAMILY = "1,2";
			};
			name = Debug;
		};
		0112F602291742C1003338FA /* Release */ = {
			isa = XCBuildConfiguration;
			baseConfigurationReference = 976E744F962D662B83CAE853 /* Pods-PRTY.release.xcconfig */;
			buildSettings = {
				ASSETCATALOG_COMPILER_APPICON_NAME = AppIcon;
				ASSETCATALOG_COMPILER_GLOBAL_ACCENT_COLOR_NAME = AccentColor;
				CODE_SIGN_STYLE = Automatic;
				CURRENT_PROJECT_VERSION = 1;
				DEVELOPMENT_ASSET_PATHS = "\"PRTY/Preview Content\"";
				ENABLE_PREVIEWS = YES;
				GENERATE_INFOPLIST_FILE = YES;
				INFOPLIST_KEY_UIApplicationSceneManifest_Generation = YES;
				INFOPLIST_KEY_UIApplicationSupportsIndirectInputEvents = YES;
				INFOPLIST_KEY_UILaunchScreen_Generation = YES;
				INFOPLIST_KEY_UISupportedInterfaceOrientations_iPad = "UIInterfaceOrientationPortrait UIInterfaceOrientationPortraitUpsideDown UIInterfaceOrientationLandscapeLeft UIInterfaceOrientationLandscapeRight";
				INFOPLIST_KEY_UISupportedInterfaceOrientations_iPhone = "UIInterfaceOrientationPortrait UIInterfaceOrientationLandscapeLeft UIInterfaceOrientationLandscapeRight";
				LD_RUNPATH_SEARCH_PATHS = (
					"$(inherited)",
					"@executable_path/Frameworks",
				);
				MARKETING_VERSION = 1.0;
				PRODUCT_BUNDLE_IDENTIFIER = QDB.PRTY;
				PRODUCT_NAME = "$(TARGET_NAME)";
				SWIFT_EMIT_LOC_STRINGS = YES;
				SWIFT_VERSION = 5.0;
				TARGETED_DEVICE_FAMILY = "1,2";
			};
			name = Release;
		};
		0112F604291742C1003338FA /* Debug */ = {
			isa = XCBuildConfiguration;
			baseConfigurationReference = 3708BC20144655197B13ED57 /* Pods-PRTYTests.debug.xcconfig */;
			buildSettings = {
				ALWAYS_EMBED_SWIFT_STANDARD_LIBRARIES = YES;
				BUNDLE_LOADER = "$(TEST_HOST)";
				CODE_SIGN_STYLE = Automatic;
				CURRENT_PROJECT_VERSION = 1;
				GENERATE_INFOPLIST_FILE = YES;
				IPHONEOS_DEPLOYMENT_TARGET = 16.1;
				MARKETING_VERSION = 1.0;
				PRODUCT_BUNDLE_IDENTIFIER = QDB.PRTYTests;
				PRODUCT_NAME = "$(TARGET_NAME)";
				SWIFT_EMIT_LOC_STRINGS = NO;
				SWIFT_VERSION = 5.0;
				TARGETED_DEVICE_FAMILY = "1,2";
				TEST_HOST = "$(BUILT_PRODUCTS_DIR)/PRTY.app/$(BUNDLE_EXECUTABLE_FOLDER_PATH)/PRTY";
			};
			name = Debug;
		};
		0112F605291742C1003338FA /* Release */ = {
			isa = XCBuildConfiguration;
			baseConfigurationReference = F5F03EDD8846081D906A507C /* Pods-PRTYTests.release.xcconfig */;
			buildSettings = {
				ALWAYS_EMBED_SWIFT_STANDARD_LIBRARIES = YES;
				BUNDLE_LOADER = "$(TEST_HOST)";
				CODE_SIGN_STYLE = Automatic;
				CURRENT_PROJECT_VERSION = 1;
				GENERATE_INFOPLIST_FILE = YES;
				IPHONEOS_DEPLOYMENT_TARGET = 16.1;
				MARKETING_VERSION = 1.0;
				PRODUCT_BUNDLE_IDENTIFIER = QDB.PRTYTests;
				PRODUCT_NAME = "$(TARGET_NAME)";
				SWIFT_EMIT_LOC_STRINGS = NO;
				SWIFT_VERSION = 5.0;
				TARGETED_DEVICE_FAMILY = "1,2";
				TEST_HOST = "$(BUILT_PRODUCTS_DIR)/PRTY.app/$(BUNDLE_EXECUTABLE_FOLDER_PATH)/PRTY";
			};
			name = Release;
		};
		0112F607291742C1003338FA /* Debug */ = {
			isa = XCBuildConfiguration;
			baseConfigurationReference = F54E4A253095805DBE9393BE /* Pods-PRTY-PRTYUITests.debug.xcconfig */;
			buildSettings = {
				ALWAYS_EMBED_SWIFT_STANDARD_LIBRARIES = YES;
				CODE_SIGN_STYLE = Automatic;
				CURRENT_PROJECT_VERSION = 1;
				GENERATE_INFOPLIST_FILE = YES;
				MARKETING_VERSION = 1.0;
				PRODUCT_BUNDLE_IDENTIFIER = QDB.PRTYUITests;
				PRODUCT_NAME = "$(TARGET_NAME)";
				SWIFT_EMIT_LOC_STRINGS = NO;
				SWIFT_VERSION = 5.0;
				TARGETED_DEVICE_FAMILY = "1,2";
				TEST_TARGET_NAME = PRTY;
			};
			name = Debug;
		};
		0112F608291742C1003338FA /* Release */ = {
			isa = XCBuildConfiguration;
			baseConfigurationReference = 3085B5D369EBF5FC85FD620B /* Pods-PRTY-PRTYUITests.release.xcconfig */;
			buildSettings = {
				ALWAYS_EMBED_SWIFT_STANDARD_LIBRARIES = YES;
				CODE_SIGN_STYLE = Automatic;
				CURRENT_PROJECT_VERSION = 1;
				GENERATE_INFOPLIST_FILE = YES;
				MARKETING_VERSION = 1.0;
				PRODUCT_BUNDLE_IDENTIFIER = QDB.PRTYUITests;
				PRODUCT_NAME = "$(TARGET_NAME)";
				SWIFT_EMIT_LOC_STRINGS = NO;
				SWIFT_VERSION = 5.0;
				TARGETED_DEVICE_FAMILY = "1,2";
				TEST_TARGET_NAME = PRTY;
			};
			name = Release;
		};
/* End XCBuildConfiguration section */

/* Begin XCConfigurationList section */
		0112F5D7291742BF003338FA /* Build configuration list for PBXProject "PRTY" */ = {
			isa = XCConfigurationList;
			buildConfigurations = (
				0112F5FE291742C1003338FA /* Debug */,
				0112F5FF291742C1003338FA /* Release */,
			);
			defaultConfigurationIsVisible = 0;
			defaultConfigurationName = Release;
		};
		0112F600291742C1003338FA /* Build configuration list for PBXNativeTarget "PRTY" */ = {
			isa = XCConfigurationList;
			buildConfigurations = (
				0112F601291742C1003338FA /* Debug */,
				0112F602291742C1003338FA /* Release */,
			);
			defaultConfigurationIsVisible = 0;
			defaultConfigurationName = Release;
		};
		0112F603291742C1003338FA /* Build configuration list for PBXNativeTarget "PRTYTests" */ = {
			isa = XCConfigurationList;
			buildConfigurations = (
				0112F604291742C1003338FA /* Debug */,
				0112F605291742C1003338FA /* Release */,
			);
			defaultConfigurationIsVisible = 0;
			defaultConfigurationName = Release;
		};
		0112F606291742C1003338FA /* Build configuration list for PBXNativeTarget "PRTYUITests" */ = {
			isa = XCConfigurationList;
			buildConfigurations = (
				0112F607291742C1003338FA /* Debug */,
				0112F608291742C1003338FA /* Release */,
			);
			defaultConfigurationIsVisible = 0;
			defaultConfigurationName = Release;
		};
/* End XCConfigurationList section */

/* Begin XCRemoteSwiftPackageReference section */
		0112F609291744A5003338FA /* XCRemoteSwiftPackageReference "firebase-ios-sdk" */ = {
			isa = XCRemoteSwiftPackageReference;
			repositoryURL = "https://github.com/firebase/firebase-ios-sdk";
			requirement = {
				kind = upToNextMajorVersion;
				minimumVersion = 9.0.0;
			};
		};
/* End XCRemoteSwiftPackageReference section */
	};
	rootObject = 0112F5D4291742BF003338FA /* Project object */;
}
